
Microsoft Visual Studio Solution File, Format Version 12.00
# Visual Studio Version 17
VisualStudioVersion = 17.2.32630.192
MinimumVisualStudioVersion = 10.0.40219.1
Project("{FAE04EC0-301F-11D3-BF4B-00C04F79EFBC}") = "PlayWithDesign6", "PlayWithDesign6\PlayWithDesign6.csproj", "{56E02305-2AE9-4CE6-BF00-A0F599EB88DF}"
EndProject
Global
	GlobalSection(SolutionConfigurationPlatforms) = preSolution
		Debug|Any CPU = Debug|Any CPU
		Release|Any CPU = Release|Any CPU
	EndGlobalSection
	GlobalSection(ProjectConfigurationPlatforms) = postSolution
		{56E02305-2AE9-4CE6-BF00-A0F599EB88DF}.Debug|Any CPU.ActiveCfg = Debug|Any CPU
		{56E02305-2AE9-4CE6-BF00-A0F599EB88DF}.Debug|Any CPU.Build.0 = Debug|Any CPU
		{56E02305-2AE9-4CE6-BF00-A0F599EB88DF}.Release|Any CPU.ActiveCfg = Release|Any CPU
		{56E02305-2AE9-4CE6-BF00-A0F599EB88DF}.Release|Any CPU.Build.0 = Release|Any CPU
	EndGlobalSection
	GlobalSection(SolutionProperties) = preSolution
		HideSolutionNode = FALSE
	EndGlobalSection
	GlobalSection(ExtensibilityGlobals) = postSolution
		SolutionGuid = {FB8DABDE-E170-4092-BCB6-58244AAA3570}
	EndGlobalSection
EndGlobal
